
Microsoft Visual Studio Solution File, Format Version 12.00
# Visual Studio Version 17
VisualStudioVersion = 17.3.32505.426
MinimumVisualStudioVersion = 10.0.40219.1
Project("{FAE04EC0-301F-11D3-BF4B-00C04F79EFBC}") = "WpfBlazorApp1", "WpfBlazorApp1\WpfBlazorApp1.csproj", "{5EFDED5E-6E51-4097-98CA-4F57AFD28F5A}"
EndProject
Global
	GlobalSection(SolutionConfigurationPlatforms) = preSolution
		Debug|Any CPU = Debug|Any CPU
		Release|Any CPU = Release|Any CPU
	EndGlobalSection
	GlobalSection(ProjectConfigurationPlatforms) = postSolution
		{5EFDED5E-6E51-4097-98CA-4F57AFD28F5A}.Debug|Any CPU.ActiveCfg = Debug|Any CPU
		{5EFDED5E-6E51-4097-98CA-4F57AFD28F5A}.Debug|Any CPU.Build.0 = Debug|Any CPU
		{5EFDED5E-6E51-4097-98CA-4F57AFD28F5A}.Release|Any CPU.ActiveCfg = Release|Any CPU
		{5EFDED5E-6E51-4097-98CA-4F57AFD28F5A}.Release|Any CPU.Build.0 = Release|Any CPU
	EndGlobalSection
	GlobalSection(SolutionProperties) = preSolution
		HideSolutionNode = FALSE
	EndGlobalSection
	GlobalSection(ExtensibilityGlobals) = postSolution
		SolutionGuid = {9516E2B7-D335-4E44-A8CD-6D923F4251E1}
	EndGlobalSection
EndGlobal
